
Microsoft Visual Studio Solution File, Format Version 12.00
# Visual Studio Version 16
VisualStudioVersion = 16.0.30804.86
MinimumVisualStudioVersion = 10.0.40219.1
Project("{888888A0-9F3D-457C-B088-3A5042F75D52}") = "Dictionary", "Dictionary\Dictionary.pyproj", "{AAAA3B30-0140-4F0C-896B-758359CF610D}"
EndProject
Global
	GlobalSection(SolutionConfigurationPlatforms) = preSolution
		Debug|Any CPU = Debug|Any CPU
		Release|Any CPU = Release|Any CPU
	EndGlobalSection
	GlobalSection(ProjectConfigurationPlatforms) = postSolution
		{AAAA3B30-0140-4F0C-896B-758359CF610D}.Debug|Any CPU.ActiveCfg = Debug|Any CPU
		{AAAA3B30-0140-4F0C-896B-758359CF610D}.Release|Any CPU.ActiveCfg = Release|Any CPU
	EndGlobalSection
	GlobalSection(SolutionProperties) = preSolution
		HideSolutionNode = FALSE
	EndGlobalSection
	GlobalSection(ExtensibilityGlobals) = postSolution
		SolutionGuid = {34D88290-4DC3-4F5A-8236-46C00D628754}
	EndGlobalSection
EndGlobal
